PODS:
  - device_info_plus (0.0.1):
    - Flutter
  - Flutter (1.0.0)
  - flutter_foreground_task (0.0.1):
    - Flutter
  - permission_handler_apple (9.3.0):
    - Flutter
  - polar (0.0.1):
    - Flutter
    - PolarBleSdk (~> 6.9.0)
  - PolarBleSdk (6.9.0):
    - RxSwift (~> 6.8.0)
    - SwiftProtobuf (~> 1.0)
    - Zip (~> 2.1.2)
  - push (0.0.1):
    - Flutter
    - FlutterMacOS
  - RxSwift (6.8.0)
  - SwiftProtobuf (1.38.1)
  - Zip (2.1.2)

DEPENDENCIES:
  - device_info_plus (from `.symlinks/plugins/device_info_plus/ios`)
  - Flutter (from `Flutter`)
  - flutter_foreground_task (from `.symlinks/plugins/flutter_foreground_task/ios`)
  - permission_handler_apple (from `.symlinks/plugins/permission_handler_apple/ios`)
  - polar (from `.symlinks/plugins/polar/ios`)
  - push (from `.symlinks/plugins/push/darwin`)

SPEC REPOS:
  trunk:
    - PolarBleSdk
    - RxSwift
    - SwiftProtobuf
    - Zip

EXTERNAL SOURCES:
  device_info_plus:
    :path: ".symlinks/plugins/device_info_plus/ios"
  Flutter:
    :path: Flutter
  flutter_foreground_task:
    :path: ".symlinks/plugins/flutter_foreground_task/ios"
  permission_handler_apple:
    :path: ".symlinks/plugins/permission_handler_apple/ios"
  polar:
    :path: ".symlinks/plugins/polar/ios"
  push:
    :path: ".symlinks/plugins/push/darwin"

SPEC CHECKSUMS:
  device_info_plus: 71ffc6ab7634ade6267c7a93088ed7e4f74e5896
  Flutter: cabc95a1d2626b1b06e7179b784ebcf0c0cde467
  flutter_foreground_task: a159d2c2173b33699ddb3e6c2a067045d7cebb89
  permission_handler_apple: 4ed2196e43d0651e8ff7ca3483a069d469701f2d
  polar: fc900c0d24bae5a30b67c1d6eec8495612eba8b5
  PolarBleSdk: 3f7c535442f4c41592ed30abbfe522db43c608e1
  push: 91373ae39c5341c6de6adefa3fda7f7287d646bf
  RxSwift: 4e28be97cbcfeee614af26d83415febbf2bf6f45
  SwiftProtobuf: 409d3aaec90e51b1705b1dd8065b56893450e77c
  Zip: b3fef584b147b6e582b2256a9815c897d60ddc67

PODFILE CHECKSUM: ae273562e2241d2b1bd4b6d2d349a48b8fe1a2a7

COCOAPODS: 1.16.2
